
Microsoft Visual Studio Solution File, Format Version 12.00
# Visual Studio Version 17
VisualStudioVersion = 17.0.32112.339
MinimumVisualStudioVersion = 10.0.40219.1
Project("{FAE04EC0-301F-11D3-BF4B-00C04F79EFBC}") = "TipCalc", "TipCalc\TipCalc.csproj", "{D77A6472-7935-4EE3-A0E8-7998A0E8D3A1}"
EndProject
Global
	GlobalSection(SolutionConfigurationPlatforms) = preSolution
		Debug|Any CPU = Debug|Any CPU
		Release|Any CPU = Release|Any CPU
	EndGlobalSection
	GlobalSection(ProjectConfigurationPlatforms) = postSolution
		{D77A6472-7935-4EE3-A0E8-7998A0E8D3A1}.Debug|Any CPU.ActiveCfg = Debug|Any CPU
		{D77A6472-7935-4EE3-A0E8-7998A0E8D3A1}.Debug|Any CPU.Build.0 = Debug|Any CPU
		{D77A6472-7935-4EE3-A0E8-7998A0E8D3A1}.Release|Any CPU.ActiveCfg = Release|Any CPU
		{D77A6472-7935-4EE3-A0E8-7998A0E8D3A1}.Release|Any CPU.Build.0 = Release|Any CPU
	EndGlobalSection
	GlobalSection(SolutionProperties) = preSolution
		HideSolutionNode = FALSE
	EndGlobalSection
	GlobalSection(ExtensibilityGlobals) = postSolution
		SolutionGuid = {8E220377-F58A-4597-9000-FD0B44D25781}
	EndGlobalSection
EndGlobal
